
Microsoft Visual Studio Solution File, Format Version 12.00
# Visual Studio 15
VisualStudioVersion = 15.0.26124.0
MinimumVisualStudioVersion = 15.0.26124.0
Project("{2150E333-8FDC-42A3-9474-1A3956D46DE8}") = "src", "src", "{FB9B5DA2-3042-4BDC-859D-891A32705C71}"
EndProject
Project("{FAE04EC0-301F-11D3-BF4B-00C04F79EFBC}") = "grasshopper-extension-console", "src\grasshopper-extension-console\grasshopper-extension-console.csproj", "{140AD5C9-05ED-4712-8EDB-1A3EFA2C6E41}"
EndProject
Project("{FAE04EC0-301F-11D3-BF4B-00C04F79EFBC}") = "grasshopper-extension-core", "src\grasshopper-extension-core\grasshopper-extension-core.csproj", "{839A44B6-7D27-4904-894E-40E7628E6B79}"
EndProject
Project("{2150E333-8FDC-42A3-9474-1A3956D46DE8}") = "test", "test", "{2A89AB5A-0206-4DD0-A72E-E6C32569257B}"
EndProject
Project("{FAE04EC0-301F-11D3-BF4B-00C04F79EFBC}") = "grasshopper-extension-tests", "test\grasshopper-extension-tests\grasshopper-extension-tests.csproj", "{EA4BDA1C-1302-411B-BCBF-55702B1D30AE}"
EndProject
Global
	GlobalSection(SolutionConfigurationPlatforms) = preSolution
		Debug|Any CPU = Debug|Any CPU
		Debug|x64 = Debug|x64
		Debug|x86 = Debug|x86
		Release|Any CPU = Release|Any CPU
		Release|x64 = Release|x64
		Release|x86 = Release|x86
	EndGlobalSection
	GlobalSection(SolutionProperties) = preSolution
		HideSolutionNode = FALSE
	EndGlobalSection
	GlobalSection(ProjectConfigurationPlatforms) = postSolution
		{140AD5C9-05ED-4712-8EDB-1A3EFA2C6E41}.Debug|Any CPU.ActiveCfg = Debug|Any CPU
		{140AD5C9-05ED-4712-8EDB-1A3EFA2C6E41}.Debug|Any CPU.Build.0 = Debug|Any CPU
		{140AD5C9-05ED-4712-8EDB-1A3EFA2C6E41}.Debug|x64.ActiveCfg = Debug|Any CPU
		{140AD5C9-05ED-4712-8EDB-1A3EFA2C6E41}.Debug|x64.Build.0 = Debug|Any CPU
		{140AD5C9-05ED-4712-8EDB-1A3EFA2C6E41}.Debug|x86.ActiveCfg = Debug|Any CPU
		{140AD5C9-05ED-4712-8EDB-1A3EFA2C6E41}.Debug|x86.Build.0 = Debug|Any CPU
		{140AD5C9-05ED-4712-8EDB-1A3EFA2C6E41}.Release|Any CPU.ActiveCfg = Release|Any CPU
		{140AD5C9-05ED-4712-8EDB-1A3EFA2C6E41}.Release|Any CPU.Build.0 = Release|Any CPU
		{140AD5C9-05ED-4712-8EDB-1A3EFA2C6E41}.Release|x64.ActiveCfg = Release|Any CPU
		{140AD5C9-05ED-4712-8EDB-1A3EFA2C6E41}.Release|x64.Build.0 = Release|Any CPU
		{140AD5C9-05ED-4712-8EDB-1A3EFA2C6E41}.Release|x86.ActiveCfg = Release|Any CPU
		{140AD5C9-05ED-4712-8EDB-1A3EFA2C6E41}.Release|x86.Build.0 = Release|Any CPU
		{839A44B6-7D27-4904-894E-40E7628E6B79}.Debug|Any CPU.ActiveCfg = Debug|Any CPU
		{839A44B6-7D27-4904-894E-40E7628E6B79}.Debug|Any CPU.Build.0 = Debug|Any CPU
		{839A44B6-7D27-4904-894E-40E7628E6B79}.Debug|x64.ActiveCfg = Debug|Any CPU
		{839A44B6-7D27-4904-894E-40E7628E6B79}.Debug|x64.Build.0 = Debug|Any CPU
		{839A44B6-7D27-4904-894E-40E7628E6B79}.Debug|x86.ActiveCfg = Debug|Any CPU
		{839A44B6-7D27-4904-894E-40E7628E6B79}.Debug|x86.Build.0 = Debug|Any CPU
		{839A44B6-7D27-4904-894E-40E7628E6B79}.Release|Any CPU.ActiveCfg = Release|Any CPU
		{839A44B6-7D27-4904-894E-40E7628E6B79}.Release|Any CPU.Build.0 = Release|Any CPU
		{839A44B6-7D27-4904-894E-40E7628E6B79}.Release|x64.ActiveCfg = Release|Any CPU
		{839A44B6-7D27-4904-894E-40E7628E6B79}.Release|x64.Build.0 = Release|Any CPU
		{839A44B6-7D27-4904-894E-40E7628E6B79}.Release|x86.ActiveCfg = Release|Any CPU
		{839A44B6-7D27-4904-894E-40E7628E6B79}.Release|x86.Build.0 = Release|Any CPU
		{EA4BDA1C-1302-411B-BCBF-55702B1D30AE}.Debug|Any CPU.ActiveCfg = Debug|Any CPU
		{EA4BDA1C-1302-411B-BCBF-55702B1D30AE}.Debug|Any CPU.Build.0 = Debug|Any CPU
		{EA4BDA1C-1302-411B-BCBF-55702B1D30AE}.Debug|x64.ActiveCfg = Debug|Any CPU
		{EA4BDA1C-1302-411B-BCBF-55702B1D30AE}.Debug|x64.Build.0 = Debug|Any CPU
		{EA4BDA1C-1302-411B-BCBF-55702B1D30AE}.Debug|x86.ActiveCfg = Debug|Any CPU
		{EA4BDA1C-1302-411B-BCBF-55702B1D30AE}.Debug|x86.Build.0 = Debug|Any CPU
		{EA4BDA1C-1302-411B-BCBF-55702B1D30AE}.Release|Any CPU.ActiveCfg = Release|Any CPU
		{EA4BDA1C-1302-411B-BCBF-55702B1D30AE}.Release|Any CPU.Build.0 = Release|Any CPU
		{EA4BDA1C-1302-411B-BCBF-55702B1D30AE}.Release|x64.ActiveCfg = Release|Any CPU
		{EA4BDA1C-1302-411B-BCBF-55702B1D30AE}.Release|x64.Build.0 = Release|Any CPU
		{EA4BDA1C-1302-411B-BCBF-55702B1D30AE}.Release|x86.ActiveCfg = Release|Any CPU
		{EA4BDA1C-1302-411B-BCBF-55702B1D30AE}.Release|x86.Build.0 = Release|Any CPU
	EndGlobalSection
	GlobalSection(NestedProjects) = preSolution
		{140AD5C9-05ED-4712-8EDB-1A3EFA2C6E41} = {FB9B5DA2-3042-4BDC-859D-891A32705C71}
		{839A44B6-7D27-4904-894E-40E7628E6B79} = {FB9B5DA2-3042-4BDC-859D-891A32705C71}
		{EA4BDA1C-1302-411B-BCBF-55702B1D30AE} = {2A89AB5A-0206-4DD0-A72E-E6C32569257B}
	EndGlobalSection
EndGlobal
