
Microsoft Visual Studio Solution File, Format Version 12.00
# Visual Studio Version 16
VisualStudioVersion = 16.0.29020.237
MinimumVisualStudioVersion = 10.0.40219.1
Project("{FAE04EC0-301F-11D3-BF4B-00C04F79EFBC}") = "grasshopper-extension", "grasshopper-extension\grasshopper-extension.csproj", "{6B6A81FC-D534-4D6B-A837-657AEF3C5696}"
EndProject
Project("{FAE04EC0-301F-11D3-BF4B-00C04F79EFBC}") = "grasshopper-extension-interactions", "grasshopper-extension-interactions\grasshopper-extension-interactions.csproj", "{D6A72ABB-2452-4385-AFA9-13F30D11CD7F}"
EndProject
Project("{FAE04EC0-301F-11D3-BF4B-00C04F79EFBC}") = "grasshopper-extension-console", "grasshopper-extension-console\grasshopper-extension-console.csproj", "{B8E3664B-82BF-4D8B-8764-6EA1CEE430F0}"
EndProject
Global
	GlobalSection(SolutionConfigurationPlatforms) = preSolution
		Debug|Any CPU = Debug|Any CPU
		Debug32|Any CPU = Debug32|Any CPU
		Debug64|Any CPU = Debug64|Any CPU
		Release|Any CPU = Release|Any CPU
	EndGlobalSection
	GlobalSection(ProjectConfigurationPlatforms) = postSolution
		{6B6A81FC-D534-4D6B-A837-657AEF3C5696}.Debug|Any CPU.ActiveCfg = Debug64|Any CPU
		{6B6A81FC-D534-4D6B-A837-657AEF3C5696}.Debug|Any CPU.Build.0 = Debug64|Any CPU
		{6B6A81FC-D534-4D6B-A837-657AEF3C5696}.Debug32|Any CPU.ActiveCfg = Debug32|Any CPU
		{6B6A81FC-D534-4D6B-A837-657AEF3C5696}.Debug32|Any CPU.Build.0 = Debug32|Any CPU
		{6B6A81FC-D534-4D6B-A837-657AEF3C5696}.Debug64|Any CPU.ActiveCfg = Debug64|Any CPU
		{6B6A81FC-D534-4D6B-A837-657AEF3C5696}.Debug64|Any CPU.Build.0 = Debug64|Any CPU
		{6B6A81FC-D534-4D6B-A837-657AEF3C5696}.Release|Any CPU.ActiveCfg = Release|Any CPU
		{6B6A81FC-D534-4D6B-A837-657AEF3C5696}.Release|Any CPU.Build.0 = Release|Any CPU
		{D6A72ABB-2452-4385-AFA9-13F30D11CD7F}.Debug|Any CPU.ActiveCfg = Debug|Any CPU
		{D6A72ABB-2452-4385-AFA9-13F30D11CD7F}.Debug|Any CPU.Build.0 = Debug|Any CPU
		{D6A72ABB-2452-4385-AFA9-13F30D11CD7F}.Debug32|Any CPU.ActiveCfg = Debug|Any CPU
		{D6A72ABB-2452-4385-AFA9-13F30D11CD7F}.Debug32|Any CPU.Build.0 = Debug|Any CPU
		{D6A72ABB-2452-4385-AFA9-13F30D11CD7F}.Debug64|Any CPU.ActiveCfg = Debug|Any CPU
		{D6A72ABB-2452-4385-AFA9-13F30D11CD7F}.Debug64|Any CPU.Build.0 = Debug|Any CPU
		{D6A72ABB-2452-4385-AFA9-13F30D11CD7F}.Release|Any CPU.ActiveCfg = Release|Any CPU
		{D6A72ABB-2452-4385-AFA9-13F30D11CD7F}.Release|Any CPU.Build.0 = Release|Any CPU
		{B8E3664B-82BF-4D8B-8764-6EA1CEE430F0}.Debug|Any CPU.ActiveCfg = Debug|Any CPU
		{B8E3664B-82BF-4D8B-8764-6EA1CEE430F0}.Debug|Any CPU.Build.0 = Debug|Any CPU
		{B8E3664B-82BF-4D8B-8764-6EA1CEE430F0}.Debug32|Any CPU.ActiveCfg = Debug|Any CPU
		{B8E3664B-82BF-4D8B-8764-6EA1CEE430F0}.Debug32|Any CPU.Build.0 = Debug|Any CPU
		{B8E3664B-82BF-4D8B-8764-6EA1CEE430F0}.Debug64|Any CPU.ActiveCfg = Debug|Any CPU
		{B8E3664B-82BF-4D8B-8764-6EA1CEE430F0}.Debug64|Any CPU.Build.0 = Debug|Any CPU
		{B8E3664B-82BF-4D8B-8764-6EA1CEE430F0}.Release|Any CPU.ActiveCfg = Release|Any CPU
		{B8E3664B-82BF-4D8B-8764-6EA1CEE430F0}.Release|Any CPU.Build.0 = Release|Any CPU
	EndGlobalSection
	GlobalSection(SolutionProperties) = preSolution
		HideSolutionNode = FALSE
	EndGlobalSection
	GlobalSection(ExtensibilityGlobals) = postSolution
		SolutionGuid = {0F6D9017-52D2-40C4-8FC6-EC4BD1AF094D}
	EndGlobalSection
EndGlobal
